
Microsoft Visual Studio Solution File, Format Version 12.00
# Visual Studio Version 16
VisualStudioVersion = 16.0.31624.102
MinimumVisualStudioVersion = 10.0.40219.1
Project("{FAE04EC0-301F-11D3-BF4B-00C04F79EFBC}") = "Trabajo Practico definitivo", "Trabajo Practico definitivo\Trabajo Practico definitivo.csproj", "{126BDDDF-A4AE-418C-B4F7-84C5F5C80517}"
EndProject
Project("{2150E333-8FDC-42A3-9474-1A3956D46DE8}") = "Solution Items", "Solution Items", "{205C5BA4-2B09-4D13-A426-919F3E9EBC74}"
	ProjectSection(SolutionItems) = preProject
		.editorconfig = .editorconfig
	EndProjectSection
EndProject
Global
	GlobalSection(SolutionConfigurationPlatforms) = preSolution
		Debug|Any CPU = Debug|Any CPU
		Release|Any CPU = Release|Any CPU
	EndGlobalSection
	GlobalSection(ProjectConfigurationPlatforms) = postSolution
		{126BDDDF-A4AE-418C-B4F7-84C5F5C80517}.Debug|Any CPU.ActiveCfg = Debug|Any CPU
		{126BDDDF-A4AE-418C-B4F7-84C5F5C80517}.Debug|Any CPU.Build.0 = Debug|Any CPU
		{126BDDDF-A4AE-418C-B4F7-84C5F5C80517}.Release|Any CPU.ActiveCfg = Release|Any CPU
		{126BDDDF-A4AE-418C-B4F7-84C5F5C80517}.Release|Any CPU.Build.0 = Release|Any CPU
	EndGlobalSection
	GlobalSection(SolutionProperties) = preSolution
		HideSolutionNode = FALSE
	EndGlobalSection
	GlobalSection(ExtensibilityGlobals) = postSolution
		SolutionGuid = {C6317E9D-35F6-4431-B346-A3CD65A051D5}
	EndGlobalSection
EndGlobal
